Microsoft Visual Studio Solution File, Format Version 12.00
# Visual Studio Version 17
VisualStudioVersion = 17.5.2.0
MinimumVisualStudioVersion = 10.0.40219.1
Project("{FAE04EC0-301F-11D3-BF4B-00C04F79EFBC}") = "Marpara2", "Marpara2.csproj", "{876CC741-5FCD-E59A-F2E6-ED22200D9EAC}"
EndProject
Global
	GlobalSection(SolutionConfigurationPlatforms) = preSolution
		Debug|Any CPU = Debug|Any CPU
		Release|Any CPU = Release|Any CPU
	EndGlobalSection
	GlobalSection(ProjectConfigurationPlatforms) = postSolution
		{876CC741-5FCD-E59A-F2E6-ED22200D9EAC}.Debug|Any CPU.ActiveCfg = Debug|Any CPU
		{876CC741-5FCD-E59A-F2E6-ED22200D9EAC}.Debug|Any CPU.Build.0 = Debug|Any CPU
		{876CC741-5FCD-E59A-F2E6-ED22200D9EAC}.Release|Any CPU.ActiveCfg = Release|Any CPU
		{876CC741-5FCD-E59A-F2E6-ED22200D9EAC}.Release|Any CPU.Build.0 = Release|Any CPU
	EndGlobalSection
	GlobalSection(SolutionProperties) = preSolution
		HideSolutionNode = FALSE
	EndGlobalSection
	GlobalSection(ExtensibilityGlobals) = postSolution
		SolutionGuid = {B518BA63-038E-42EA-B532-49B51431AA5F}
	EndGlobalSection
EndGlobal
